
Microsoft Visual Studio Solution File, Format Version 12.00
# Visual Studio 15
VisualStudioVersion = 15.0.27428.2005
MinimumVisualStudioVersion = 10.0.40219.1
Project("{FAE04EC0-301F-11D3-BF4B-00C04F79EFBC}") = "MyApp.Api", "MyApp.Api\MyApp.Api.csproj", "{69C5F50B-78C8-480B-A068-DDEB5B354709}"
EndProject
Global
	GlobalSection(SolutionConfigurationPlatforms) = preSolution
		Debug|Any CPU = Debug|Any CPU
		Release|Any CPU = Release|Any CPU
	EndGlobalSection
	GlobalSection(ProjectConfigurationPlatforms) = postSolution
		{69C5F50B-78C8-480B-A068-DDEB5B354709}.Debug|Any CPU.ActiveCfg = Debug|Any CPU
		{69C5F50B-78C8-480B-A068-DDEB5B354709}.Debug|Any CPU.Build.0 = Debug|Any CPU
		{69C5F50B-78C8-480B-A068-DDEB5B354709}.Release|Any CPU.ActiveCfg = Release|Any CPU
		{69C5F50B-78C8-480B-A068-DDEB5B354709}.Release|Any CPU.Build.0 = Release|Any CPU
	EndGlobalSection
	GlobalSection(SolutionProperties) = preSolution
		HideSolutionNode = FALSE
	EndGlobalSection
	GlobalSection(ExtensibilityGlobals) = postSolution
		SolutionGuid = {55502E3C-27F4-4DE4-A394-FF15F89720E5}
	EndGlobalSection
EndGlobal
